
Microsoft Visual Studio Solution File, Format Version 12.00
# Visual Studio Version 16
VisualStudioVersion = 16.0.30503.244
MinimumVisualStudioVersion = 10.0.40219.1
Project("{888888A0-9F3D-457C-B088-3A5042F75D52}") = "RoomEscape", "RoomEscape.pyproj", "{AA97F0B5-A3B2-4430-95C8-F81249A3BEAA}"
EndProject
Global
	GlobalSection(SolutionConfigurationPlatforms) = preSolution
		Debug|Any CPU = Debug|Any CPU
		Release|Any CPU = Release|Any CPU
	EndGlobalSection
	GlobalSection(ProjectConfigurationPlatforms) = postSolution
		{AA97F0B5-A3B2-4430-95C8-F81249A3BEAA}.Debug|Any CPU.ActiveCfg = Debug|Any CPU
		{AA97F0B5-A3B2-4430-95C8-F81249A3BEAA}.Release|Any CPU.ActiveCfg = Release|Any CPU
	EndGlobalSection
	GlobalSection(SolutionProperties) = preSolution
		HideSolutionNode = FALSE
	EndGlobalSection
	GlobalSection(ExtensibilityGlobals) = postSolution
		SolutionGuid = {3FA285D7-3873-412D-BC94-56D06397680F}
	EndGlobalSection
EndGlobal
